
Microsoft Visual Studio Solution File, Format Version 12.00
# Visual Studio 14
VisualStudioVersion = 14.0.23107.0
MinimumVisualStudioVersion = 10.0.40219.1
Project("{FAE04EC0-301F-11D3-BF4B-00C04F79EFBC}") = "Innlevering_1", "Innlevering_1\Innlevering_1.csproj", "{375EABFE-0A11-4064-85C7-72C8CDBB3AC1}"
EndProject
Project("{FAE04EC0-301F-11D3-BF4B-00C04F79EFBC}") = "Innlevering_1.Tests", "Innlevering_1.Tests\Innlevering_1.Tests.csproj", "{CA2D46AE-77EA-494C-8EC6-28F05675829A}"
EndProject
Global
	GlobalSection(SolutionConfigurationPlatforms) = preSolution
		Debug|Any CPU = Debug|Any CPU
		Release|Any CPU = Release|Any CPU
	EndGlobalSection
	GlobalSection(ProjectConfigurationPlatforms) = postSolution
		{375EABFE-0A11-4064-85C7-72C8CDBB3AC1}.Debug|Any CPU.ActiveCfg = Debug|Any CPU
		{375EABFE-0A11-4064-85C7-72C8CDBB3AC1}.Debug|Any CPU.Build.0 = Debug|Any CPU
		{375EABFE-0A11-4064-85C7-72C8CDBB3AC1}.Release|Any CPU.ActiveCfg = Release|Any CPU
		{375EABFE-0A11-4064-85C7-72C8CDBB3AC1}.Release|Any CPU.Build.0 = Release|Any CPU
		{CA2D46AE-77EA-494C-8EC6-28F05675829A}.Debug|Any CPU.ActiveCfg = Debug|Any CPU
		{CA2D46AE-77EA-494C-8EC6-28F05675829A}.Debug|Any CPU.Build.0 = Debug|Any CPU
		{CA2D46AE-77EA-494C-8EC6-28F05675829A}.Release|Any CPU.ActiveCfg = Release|Any CPU
		{CA2D46AE-77EA-494C-8EC6-28F05675829A}.Release|Any CPU.Build.0 = Release|Any CPU
	EndGlobalSection
	GlobalSection(SolutionProperties) = preSolution
		HideSolutionNode = FALSE
	EndGlobalSection
EndGlobal
